
Microsoft Visual Studio Solution File, Format Version 12.00
# Visual Studio Version 16
VisualStudioVersion = 16.0.30907.101
MinimumVisualStudioVersion = 10.0.40219.1
Project("{FAE04EC0-301F-11D3-BF4B-00C04F79EFBC}") = "EstudiarExamenTema5", "EstudiarExamenTema5\EstudiarExamenTema5.csproj", "{180A5339-DF43-4B98-9982-6C2241DED85B}"
EndProject
Global
	GlobalSection(SolutionConfigurationPlatforms) = preSolution
		Debug|Any CPU = Debug|Any CPU
		Release|Any CPU = Release|Any CPU
	EndGlobalSection
	GlobalSection(ProjectConfigurationPlatforms) = postSolution
		{180A5339-DF43-4B98-9982-6C2241DED85B}.Debug|Any CPU.ActiveCfg = Debug|Any CPU
		{180A5339-DF43-4B98-9982-6C2241DED85B}.Debug|Any CPU.Build.0 = Debug|Any CPU
		{180A5339-DF43-4B98-9982-6C2241DED85B}.Release|Any CPU.ActiveCfg = Release|Any CPU
		{180A5339-DF43-4B98-9982-6C2241DED85B}.Release|Any CPU.Build.0 = Release|Any CPU
	EndGlobalSection
	GlobalSection(SolutionProperties) = preSolution
		HideSolutionNode = FALSE
	EndGlobalSection
	GlobalSection(ExtensibilityGlobals) = postSolution
		SolutionGuid = {B85E2DA6-4908-40D2-BE21-3AC9FB7F68F2}
	EndGlobalSection
EndGlobal
